{
  "object": {
    "pins": [
      {
        "package": "swift-argument-parser",
        "repositoryURL": "https://github.com/apple/swift-argument-parser",
        "state": {
          "branch": null,
          "revision": "15351c1cd009eba0b6e438bfef55ea9847a8dc4a",
          "version": "0.3.0"
        }
      },
      {
        "package": "swift-backtrace",
        "repositoryURL": "https://github.com/swift-server/swift-backtrace.git",
        "state": {
          "branch": null,
          "revision": "f2fd8c4845a123419c348e0bc4b3839c414077d5",
          "version": "1.2.0"
        }
      },
      {
        "package": "swift-nio",
        "repositoryURL": "https://github.com/apple/swift-nio",
        "state": {
          "branch": null,
          "revision": "5fc24345f92ec4c274121776c215ab0aa1ed4d50",
          "version": "2.22.0"
        }
      }
    ]
  },
  "version": 1
}
